
Microsoft Visual Studio Solution File, Format Version 12.00
# Visual Studio Version 17
VisualStudioVersion = 17.11.35222.181
MinimumVisualStudioVersion = 10.0.40219.1
Project("{FAE04EC0-301F-11D3-BF4B-00C04F79EFBC}") = "Task 10", "Task 10\Task 10.csproj", "{F5E11D36-8702-4214-9BC0-804FE8E04551}"
EndProject
Global
	GlobalSection(SolutionConfigurationPlatforms) = preSolution
		Debug|Any CPU = Debug|Any CPU
		Release|Any CPU = Release|Any CPU
	EndGlobalSection
	GlobalSection(ProjectConfigurationPlatforms) = postSolution
		{F5E11D36-8702-4214-9BC0-804FE8E04551}.Debug|Any CPU.ActiveCfg = Debug|Any CPU
		{F5E11D36-8702-4214-9BC0-804FE8E04551}.Debug|Any CPU.Build.0 = Debug|Any CPU
		{F5E11D36-8702-4214-9BC0-804FE8E04551}.Release|Any CPU.ActiveCfg = Release|Any CPU
		{F5E11D36-8702-4214-9BC0-804FE8E04551}.Release|Any CPU.Build.0 = Release|Any CPU
	EndGlobalSection
	GlobalSection(SolutionProperties) = preSolution
		HideSolutionNode = FALSE
	EndGlobalSection
	GlobalSection(ExtensibilityGlobals) = postSolution
		SolutionGuid = {27FD3208-25FA-4F86-B672-64DFB96C7CAA}
	EndGlobalSection
EndGlobal
