
Microsoft Visual Studio Solution File, Format Version 12.00
# Visual Studio Version 17
VisualStudioVersion = 17.11.35222.181
MinimumVisualStudioVersion = 10.0.40219.1
Project("{FAE04EC0-301F-11D3-BF4B-00C04F79EFBC}") = "Task6.1", "Task6.1\Task6.1.csproj", "{7361C4BB-8D2B-4D7C-8C97-A52FD8748078}"
EndProject
Global
	GlobalSection(SolutionConfigurationPlatforms) = preSolution
		Debug|Any CPU = Debug|Any CPU
		Release|Any CPU = Release|Any CPU
	EndGlobalSection
	GlobalSection(ProjectConfigurationPlatforms) = postSolution
		{7361C4BB-8D2B-4D7C-8C97-A52FD8748078}.Debug|Any CPU.ActiveCfg = Debug|Any CPU
		{7361C4BB-8D2B-4D7C-8C97-A52FD8748078}.Debug|Any CPU.Build.0 = Debug|Any CPU
		{7361C4BB-8D2B-4D7C-8C97-A52FD8748078}.Release|Any CPU.ActiveCfg = Release|Any CPU
		{7361C4BB-8D2B-4D7C-8C97-A52FD8748078}.Release|Any CPU.Build.0 = Release|Any CPU
	EndGlobalSection
	GlobalSection(SolutionProperties) = preSolution
		HideSolutionNode = FALSE
	EndGlobalSection
	GlobalSection(ExtensibilityGlobals) = postSolution
		SolutionGuid = {DEE3C4CE-E9BF-4A11-9E7B-552AB14D6632}
	EndGlobalSection
EndGlobal
