
Microsoft Visual Studio Solution File, Format Version 12.00
# Visual Studio Version 17
VisualStudioVersion = 17.11.35222.181
MinimumVisualStudioVersion = 10.0.40219.1
Project("{FAE04EC0-301F-11D3-BF4B-00C04F79EFBC}") = "3", "3\3.csproj", "{88808E1E-02D8-4BFE-946D-963B8076A939}"
EndProject
Global
	GlobalSection(SolutionConfigurationPlatforms) = preSolution
		Debug|Any CPU = Debug|Any CPU
		Release|Any CPU = Release|Any CPU
	EndGlobalSection
	GlobalSection(ProjectConfigurationPlatforms) = postSolution
		{88808E1E-02D8-4BFE-946D-963B8076A939}.Debug|Any CPU.ActiveCfg = Debug|Any CPU
		{88808E1E-02D8-4BFE-946D-963B8076A939}.Debug|Any CPU.Build.0 = Debug|Any CPU
		{88808E1E-02D8-4BFE-946D-963B8076A939}.Release|Any CPU.ActiveCfg = Release|Any CPU
		{88808E1E-02D8-4BFE-946D-963B8076A939}.Release|Any CPU.Build.0 = Release|Any CPU
	EndGlobalSection
	GlobalSection(SolutionProperties) = preSolution
		HideSolutionNode = FALSE
	EndGlobalSection
	GlobalSection(ExtensibilityGlobals) = postSolution
		SolutionGuid = {BE519FBC-CE5F-4229-B2E7-196BC6647C44}
	EndGlobalSection
EndGlobal
