
Microsoft Visual Studio Solution File, Format Version 12.00
# Visual Studio Version 17
VisualStudioVersion = 17.11.35222.181
MinimumVisualStudioVersion = 10.0.40219.1
Project("{FAE04EC0-301F-11D3-BF4B-00C04F79EFBC}") = "New12", "New12\New12.csproj", "{E910E1D4-AFF7-418D-80AE-0E7D68BB28A3}"
EndProject
Global
	GlobalSection(SolutionConfigurationPlatforms) = preSolution
		Debug|Any CPU = Debug|Any CPU
		Release|Any CPU = Release|Any CPU
	EndGlobalSection
	GlobalSection(ProjectConfigurationPlatforms) = postSolution
		{E910E1D4-AFF7-418D-80AE-0E7D68BB28A3}.Debug|Any CPU.ActiveCfg = Debug|Any CPU
		{E910E1D4-AFF7-418D-80AE-0E7D68BB28A3}.Debug|Any CPU.Build.0 = Debug|Any CPU
		{E910E1D4-AFF7-418D-80AE-0E7D68BB28A3}.Release|Any CPU.ActiveCfg = Release|Any CPU
		{E910E1D4-AFF7-418D-80AE-0E7D68BB28A3}.Release|Any CPU.Build.0 = Release|Any CPU
	EndGlobalSection
	GlobalSection(SolutionProperties) = preSolution
		HideSolutionNode = FALSE
	EndGlobalSection
	GlobalSection(ExtensibilityGlobals) = postSolution
		SolutionGuid = {74540131-E7D1-4BE5-98B7-957F81F3043A}
	EndGlobalSection
EndGlobal
