
Microsoft Visual Studio Solution File, Format Version 12.00
# Visual Studio Version 17
VisualStudioVersion = 17.11.35222.181
MinimumVisualStudioVersion = 10.0.40219.1
Project("{FAE04EC0-301F-11D3-BF4B-00C04F79EFBC}") = "10.5", "10.5\10.5.csproj", "{1DDA828E-BF59-48E7-84BA-C31314ED65BF}"
EndProject
Global
	GlobalSection(SolutionConfigurationPlatforms) = preSolution
		Debug|Any CPU = Debug|Any CPU
		Release|Any CPU = Release|Any CPU
	EndGlobalSection
	GlobalSection(ProjectConfigurationPlatforms) = postSolution
		{1DDA828E-BF59-48E7-84BA-C31314ED65BF}.Debug|Any CPU.ActiveCfg = Debug|Any CPU
		{1DDA828E-BF59-48E7-84BA-C31314ED65BF}.Debug|Any CPU.Build.0 = Debug|Any CPU
		{1DDA828E-BF59-48E7-84BA-C31314ED65BF}.Release|Any CPU.ActiveCfg = Release|Any CPU
		{1DDA828E-BF59-48E7-84BA-C31314ED65BF}.Release|Any CPU.Build.0 = Release|Any CPU
	EndGlobalSection
	GlobalSection(SolutionProperties) = preSolution
		HideSolutionNode = FALSE
	EndGlobalSection
	GlobalSection(ExtensibilityGlobals) = postSolution
		SolutionGuid = {693C8F00-9AD0-49FC-83E8-DA20EF27001B}
	EndGlobalSection
EndGlobal
