
Microsoft Visual Studio Solution File, Format Version 12.00
# Visual Studio Version 17
VisualStudioVersion = 17.11.35222.181
MinimumVisualStudioVersion = 10.0.40219.1
Project("{FAE04EC0-301F-11D3-BF4B-00C04F79EFBC}") = "Task5", "Task5\Task5.csproj", "{8B420179-7B4C-4F28-93A8-AEDC8331A5A6}"
EndProject
Global
	GlobalSection(SolutionConfigurationPlatforms) = preSolution
		Debug|Any CPU = Debug|Any CPU
		Release|Any CPU = Release|Any CPU
	EndGlobalSection
	GlobalSection(ProjectConfigurationPlatforms) = postSolution
		{8B420179-7B4C-4F28-93A8-AEDC8331A5A6}.Debug|Any CPU.ActiveCfg = Debug|Any CPU
		{8B420179-7B4C-4F28-93A8-AEDC8331A5A6}.Debug|Any CPU.Build.0 = Debug|Any CPU
		{8B420179-7B4C-4F28-93A8-AEDC8331A5A6}.Release|Any CPU.ActiveCfg = Release|Any CPU
		{8B420179-7B4C-4F28-93A8-AEDC8331A5A6}.Release|Any CPU.Build.0 = Release|Any CPU
	EndGlobalSection
	GlobalSection(SolutionProperties) = preSolution
		HideSolutionNode = FALSE
	EndGlobalSection
	GlobalSection(ExtensibilityGlobals) = postSolution
		SolutionGuid = {DB1D61D1-2C96-42FA-BCDE-6C677CFFDCC4}
	EndGlobalSection
EndGlobal
